
Microsoft Visual Studio Solution File, Format Version 12.00
# Visual Studio 15
VisualStudioVersion = 15.0.28307.106
MinimumVisualStudioVersion = 10.0.40219.1
Project("{FAE04EC0-301F-11D3-BF4B-00C04F79EFBC}") = "Bil", "Bil\Bil.csproj", "{C16B0C3A-35F4-4890-9331-5D03331BB044}"
EndProject
Global
	GlobalSection(SolutionConfigurationPlatforms) = preSolution
		Debug|Any CPU = Debug|Any CPU
		Release|Any CPU = Release|Any CPU
	EndGlobalSection
	GlobalSection(ProjectConfigurationPlatforms) = postSolution
		{C16B0C3A-35F4-4890-9331-5D03331BB044}.Debug|Any CPU.ActiveCfg = Debug|Any CPU
		{C16B0C3A-35F4-4890-9331-5D03331BB044}.Debug|Any CPU.Build.0 = Debug|Any CPU
		{C16B0C3A-35F4-4890-9331-5D03331BB044}.Release|Any CPU.ActiveCfg = Release|Any CPU
		{C16B0C3A-35F4-4890-9331-5D03331BB044}.Release|Any CPU.Build.0 = Release|Any CPU
	EndGlobalSection
	GlobalSection(SolutionProperties) = preSolution
		HideSolutionNode = FALSE
	EndGlobalSection
	GlobalSection(ExtensibilityGlobals) = postSolution
		SolutionGuid = {AF87F6B8-A5E5-4903-9629-2401BFC0936D}
	EndGlobalSection
EndGlobal
